{
  "name": "@writetome51/array-replace-first-of-all-of",
  "version": "1.1.2",
  "lockfileVersion": 1,
  "requires": true,
  "dependencies": {
    "@writetome51/array-and-index-validation": {
      "version": "1.0.6",
      "resolved": "https://registry.npmjs.org/@writetome51/array-and-index-validation/-/array-and-index-validation-1.0.6.tgz",
      "integrity": "sha512-GE0M3uhRSV6MJwu8cnsHxj5wkEPZ7OWehvsOGAQ1roUeItorJl7yvHzjkUZMKQoOPRpictr6r0Kj6zgopGu0gQ==",
      "requires": {
        "basic-data-handling": "~1.0.15",
        "error-if-not-populated-array": "~1.0.1"
      }
    },
    "@writetome51/array-get-adjacent-at": {
      "version": "1.0.3",
      "resolved": "https://registry.npmjs.org/@writetome51/array-get-adjacent-at/-/array-get-adjacent-at-1.0.3.tgz",
      "integrity": "sha512-Ae26Ly+h8Su9N663jsIIN1e8FNZnMA/SkVr2NJGIMipkOQUEVCQS2TuPn6Z4VdJqydOH61fQtrXXV3ofPnmATg==",
      "requires": {
        "@writetome51/array-and-index-validation": "~1.0.6",
        "basic-data-handling": "~1.0.15"
      }
    },
    "@writetome51/array-get-indexes": {
      "version": "1.0.0",
      "resolved": "https://registry.npmjs.org/@writetome51/array-get-indexes/-/array-get-indexes-1.0.0.tgz",
      "integrity": "sha512-Lc7fsQn7mJeTf7Z22TwFPbq8Ozz1BZ68XBfUzKtwADYHiC1Bgn0KW+aNklJHmjtSVictcRovjt1JcM0HacSMCA==",
      "requires": {
        "@writetome51/arrays-match": "~1.0.5",
        "basic-data-handling": "~1.0.15",
        "error-if-not-populated-array": "~1.0.1",
        "error-if-not-primitive-or-array": "~1.0.1",
        "error-if-values-are-not-arrays": "~1.0.2"
      }
    },
    "@writetome51/array-has": {
      "version": "1.0.7",
      "resolved": "https://registry.npmjs.org/@writetome51/array-has/-/array-has-1.0.7.tgz",
      "integrity": "sha512-T0sHKfLMvWGjKPo5KOceJsVKvo8sBCHHa/TmQZ3auuH74RCgt+hoEi5fBAIv5IXY5S76UXG8fvwPzFPiGP+flg==",
      "requires": {
        "@writetome51/array-get-adjacent-at": "~1.0.3",
        "@writetome51/array-get-indexes": "~1.0.0",
        "@writetome51/arrays-match": "~1.0.5",
        "basic-data-handling": "~1.0.15"
      }
    },
    "@writetome51/array-replace-adjacent-items": {
      "version": "1.0.4",
      "resolved": "https://registry.npmjs.org/@writetome51/array-replace-adjacent-items/-/array-replace-adjacent-items-1.0.4.tgz",
      "integrity": "sha512-rSCDCRd5txMGy0REe3AAHXiYcg7jN6VhAeq1VTH7te9bKBhQemNIfuY5nA7S90wAg9RuN9ABAdjKciYebk20cA==",
      "requires": {
        "@writetome51/array-and-index-validation": "~1.0.6",
        "basic-data-handling": "~1.0.15"
      }
    },
    "@writetome51/array-replace-at": {
      "version": "1.1.2",
      "resolved": "https://registry.npmjs.org/@writetome51/array-replace-at/-/array-replace-at-1.1.2.tgz",
      "integrity": "sha512-I1HOAGZOn37ZdmJL1CAiiP2RjZO4hQJ9EXgx5xsJOANLKl1auwk/toQAyGOpo0haIav7jeYggxA0XUG8eg1O5A==",
      "requires": {
        "@writetome51/array-replace-adjacent-items": "~1.0.4"
      }
    },
    "@writetome51/arrays-match": {
      "version": "1.0.5",
      "resolved": "https://registry.npmjs.org/@writetome51/arrays-match/-/arrays-match-1.0.5.tgz",
      "integrity": "sha512-hg5i3N8g2ChvaLEh2n7H4iaLeiCgRzd+JzqH/Zwx0t06JA5HsHZ6XheJe4UgAFVBrLvJiBiof6IqgPrzyRz/Aw==",
      "requires": {
        "basic-data-handling": "~1.0.15",
        "error-if-values-are-not-arrays": "~1.0.2"
      }
    },
    "basic-data-handling": {
      "version": "1.0.15",
      "resolved": "https://registry.npmjs.org/basic-data-handling/-/basic-data-handling-1.0.15.tgz",
      "integrity": "sha512-HyXRwPTfhKacukW4mMJl+3IsFC+5NzMr9flzp+XBJhHol0eAZzLxYqP7w3Cme3cziKcshzoO7Zf/9C+bewJWpA=="
    },
    "error-if-not-populated-array": {
      "version": "1.0.1",
      "resolved": "https://registry.npmjs.org/error-if-not-populated-array/-/error-if-not-populated-array-1.0.1.tgz",
      "integrity": "sha512-XKN0WUVUNrDOsB1PuBRQJ4/tVOeFceioLm+QPOpCkQaZlD9vVYZf+pRrFIoiqzVno7bx7AI2lNIfMWf7gRarvg==",
      "requires": {
        "basic-data-handling": "~1.0.13"
      }
    },
    "error-if-not-primitive-or-array": {
      "version": "1.0.1",
      "resolved": "https://registry.npmjs.org/error-if-not-primitive-or-array/-/error-if-not-primitive-or-array-1.0.1.tgz",
      "integrity": "sha512-Ygj6CAR2z3x5VvaOrXIO0+wye4nysSW67jCDJ6LAMnyasgKleaDkF+xwg/lSk70i95RIiIa19CEVqx8CBdryOg==",
      "requires": {
        "basic-data-handling": "~1.0.13"
      }
    },
    "error-if-values-are-not-arrays": {
      "version": "1.0.2",
      "resolved": "https://registry.npmjs.org/error-if-values-are-not-arrays/-/error-if-values-are-not-arrays-1.0.2.tgz",
      "integrity": "sha512-HD4BW6LoQpF0aGVIW1UCsY8LLnB+19kGoYs2HaB8CcaBcGw0ed3XnwJTSb/sr8YqLFkhfFO5bsaFB8savUPKsw==",
      "requires": {
        "basic-data-handling": "~1.0.13"
      }
    }
  }
}
